
Microsoft Visual Studio Solution File, Format Version 12.00
# Visual Studio Version 16
VisualStudioVersion = 16.0.28803.352
MinimumVisualStudioVersion = 10.0.40219.1
Project("{2150E333-8FDC-42A3-9474-1A3956D46DE8}") = "0-Presentation", "0-Presentation", "{17C71C47-139E-47E2-9679-F2A78F99398B}"
EndProject
Project("{2150E333-8FDC-42A3-9474-1A3956D46DE8}") = "1-Services", "1-Services", "{1AB20751-3877-4503-8941-AB5681B2B81F}"
EndProject
Project("{2150E333-8FDC-42A3-9474-1A3956D46DE8}") = "2-Aplication", "2-Aplication", "{4B39855E-4FB1-4892-8564-B5D34870735B}"
EndProject
Project("{2150E333-8FDC-42A3-9474-1A3956D46DE8}") = "3-Domain", "3-Domain", "{0A6F8E0A-2991-4C39-B4E1-2D4BBA8D88E0}"
EndProject
Project("{2150E333-8FDC-42A3-9474-1A3956D46DE8}") = "4-Infra", "4-Infra", "{45980955-1D86-44AA-85C2-515DCF2DC565}"
EndProject
Project("{2150E333-8FDC-42A3-9474-1A3956D46DE8}") = "Data", "Data", "{570CE87D-44E6-42F6-976E-10966E88B0B3}"
EndProject
Project("{2150E333-8FDC-42A3-9474-1A3956D46DE8}") = "CrossCutting", "CrossCutting", "{B9AAE98E-4E26-4D06-B16B-6266CAC81488}"
EndProject
Project("{9A19103F-16F7-4668-BE54-9A1E7A4F7556}") = "DDDNetCore", "DDDNetCore\DDDNetCore.csproj", "{972F8FEA-A88F-47E4-8700-A0A995CC0CA5}"
EndProject
Project("{FAE04EC0-301F-11D3-BF4B-00C04F79EFBC}") = "EstruturaDDDCore.DomainT", "EstruturaDDDCore.DomainT\EstruturaDDDCore.DomainT.csproj", "{6170B19F-5B8D-4CC0-ADE0-E1C498F6A0CC}"
EndProject
Project("{FAE04EC0-301F-11D3-BF4B-00C04F79EFBC}") = "EstruturaDDDNetCore.AplicationT", "EstruturaDDDNetCore.AplicationT\EstruturaDDDNetCore.AplicationT.csproj", "{3275E872-D573-4A82-A91C-CA02177DCBC9}"
EndProject
Project("{FAE04EC0-301F-11D3-BF4B-00C04F79EFBC}") = "EstruturaModeloDDD.Infra.Data", "EstruturaModeloDDD.Infra.Data\EstruturaModeloDDD.Infra.Data.csproj", "{FFC7DD4E-4B43-4E28-9707-86A2251F46EF}"
EndProject
Project("{FAE04EC0-301F-11D3-BF4B-00C04F79EFBC}") = "EstruturaDDCore.Domain.Core", "EstruturaDDCore.Domain.Core\EstruturaDDCore.Domain.Core.csproj", "{6EF41AE0-85C9-43E5-AA9A-EE407C252861}"
EndProject
Global
	GlobalSection(SolutionConfigurationPlatforms) = preSolution
		Debug|Any CPU = Debug|Any CPU
		Release|Any CPU = Release|Any CPU
	EndGlobalSection
	GlobalSection(ProjectConfigurationPlatforms) = postSolution
		{972F8FEA-A88F-47E4-8700-A0A995CC0CA5}.Debug|Any CPU.ActiveCfg = Debug|Any CPU
		{972F8FEA-A88F-47E4-8700-A0A995CC0CA5}.Debug|Any CPU.Build.0 = Debug|Any CPU
		{972F8FEA-A88F-47E4-8700-A0A995CC0CA5}.Release|Any CPU.ActiveCfg = Release|Any CPU
		{972F8FEA-A88F-47E4-8700-A0A995CC0CA5}.Release|Any CPU.Build.0 = Release|Any CPU
		{6170B19F-5B8D-4CC0-ADE0-E1C498F6A0CC}.Debug|Any CPU.ActiveCfg = Debug|Any CPU
		{6170B19F-5B8D-4CC0-ADE0-E1C498F6A0CC}.Debug|Any CPU.Build.0 = Debug|Any CPU
		{6170B19F-5B8D-4CC0-ADE0-E1C498F6A0CC}.Release|Any CPU.ActiveCfg = Release|Any CPU
		{6170B19F-5B8D-4CC0-ADE0-E1C498F6A0CC}.Release|Any CPU.Build.0 = Release|Any CPU
		{3275E872-D573-4A82-A91C-CA02177DCBC9}.Debug|Any CPU.ActiveCfg = Debug|Any CPU
		{3275E872-D573-4A82-A91C-CA02177DCBC9}.Debug|Any CPU.Build.0 = Debug|Any CPU
		{3275E872-D573-4A82-A91C-CA02177DCBC9}.Release|Any CPU.ActiveCfg = Release|Any CPU
		{3275E872-D573-4A82-A91C-CA02177DCBC9}.Release|Any CPU.Build.0 = Release|Any CPU
		{FFC7DD4E-4B43-4E28-9707-86A2251F46EF}.Debug|Any CPU.ActiveCfg = Debug|Any CPU
		{FFC7DD4E-4B43-4E28-9707-86A2251F46EF}.Debug|Any CPU.Build.0 = Debug|Any CPU
		{FFC7DD4E-4B43-4E28-9707-86A2251F46EF}.Release|Any CPU.ActiveCfg = Release|Any CPU
		{FFC7DD4E-4B43-4E28-9707-86A2251F46EF}.Release|Any CPU.Build.0 = Release|Any CPU
		{6EF41AE0-85C9-43E5-AA9A-EE407C252861}.Debug|Any CPU.ActiveCfg = Debug|Any CPU
		{6EF41AE0-85C9-43E5-AA9A-EE407C252861}.Debug|Any CPU.Build.0 = Debug|Any CPU
		{6EF41AE0-85C9-43E5-AA9A-EE407C252861}.Release|Any CPU.ActiveCfg = Release|Any CPU
		{6EF41AE0-85C9-43E5-AA9A-EE407C252861}.Release|Any CPU.Build.0 = Release|Any CPU
	EndGlobalSection
	GlobalSection(SolutionProperties) = preSolution
		HideSolutionNode = FALSE
	EndGlobalSection
	GlobalSection(NestedProjects) = preSolution
		{570CE87D-44E6-42F6-976E-10966E88B0B3} = {45980955-1D86-44AA-85C2-515DCF2DC565}
		{B9AAE98E-4E26-4D06-B16B-6266CAC81488} = {45980955-1D86-44AA-85C2-515DCF2DC565}
		{972F8FEA-A88F-47E4-8700-A0A995CC0CA5} = {17C71C47-139E-47E2-9679-F2A78F99398B}
		{6170B19F-5B8D-4CC0-ADE0-E1C498F6A0CC} = {0A6F8E0A-2991-4C39-B4E1-2D4BBA8D88E0}
		{3275E872-D573-4A82-A91C-CA02177DCBC9} = {4B39855E-4FB1-4892-8564-B5D34870735B}
		{FFC7DD4E-4B43-4E28-9707-86A2251F46EF} = {570CE87D-44E6-42F6-976E-10966E88B0B3}
		{6EF41AE0-85C9-43E5-AA9A-EE407C252861} = {0A6F8E0A-2991-4C39-B4E1-2D4BBA8D88E0}
	EndGlobalSection
	GlobalSection(ExtensibilityGlobals) = postSolution
		SolutionGuid = {DEE8C73A-226A-47D9-A62C-C85DF2D2500D}
	EndGlobalSection
EndGlobal
